
Microsoft Visual Studio Solution File, Format Version 12.00
# Visual Studio Version 16
VisualStudioVersion = 16.0.32802.440
MinimumVisualStudioVersion = 10.0.40219.1
Project("{9A19103F-16F7-4668-BE54-9A1E7A4F7556}") = "WebApi", "WebApi\WebApi.csproj", "{00B4BDD3-ACF5-4D83-8DDA-E80A9B47DA94}"
EndProject
Global
	GlobalSection(SolutionConfigurationPlatforms) = preSolution
		Debug|Any CPU = Debug|Any CPU
		Release|Any CPU = Release|Any CPU
	EndGlobalSection
	GlobalSection(ProjectConfigurationPlatforms) = postSolution
		{00B4BDD3-ACF5-4D83-8DDA-E80A9B47DA94}.Debug|Any CPU.ActiveCfg = Debug|Any CPU
		{00B4BDD3-ACF5-4D83-8DDA-E80A9B47DA94}.Debug|Any CPU.Build.0 = Debug|Any CPU
		{00B4BDD3-ACF5-4D83-8DDA-E80A9B47DA94}.Release|Any CPU.ActiveCfg = Release|Any CPU
		{00B4BDD3-ACF5-4D83-8DDA-E80A9B47DA94}.Release|Any CPU.Build.0 = Release|Any CPU
	EndGlobalSection
	GlobalSection(SolutionProperties) = preSolution
		HideSolutionNode = FALSE
	EndGlobalSection
	GlobalSection(ExtensibilityGlobals) = postSolution
		SolutionGuid = {4E6F3D71-97A3-4C9B-AEF2-DA8BB97236C5}
	EndGlobalSection
EndGlobal
